
Microsoft Visual Studio Solution File, Format Version 12.00
# Visual Studio Version 17
VisualStudioVersion = 17.9.34728.123
MinimumVisualStudioVersion = 10.0.40219.1
Project("{FAE04EC0-301F-11D3-BF4B-00C04F79EFBC}") = "DeliveryTrackingSystem", "DeliveryTrackingSystem\DeliveryTrackingSystem.csproj", "{18F3482C-B159-4ABE-B08B-4F93C66AF772}"
EndProject
Project("{FAE04EC0-301F-11D3-BF4B-00C04F79EFBC}") = "Cargobell.Services", "Cargobell.Services\Cargobell.Services.csproj", "{3FA6A6D1-1248-498E-98EE-93022C774160}"
EndProject
Project("{FAE04EC0-301F-11D3-BF4B-00C04F79EFBC}") = "Cargobell.Data", "Cargobell.Data\Cargobell.Data.csproj", "{CA7A4ECF-BA85-4D19-8440-EE4B5CBAC8E7}"
EndProject
Project("{FAE04EC0-301F-11D3-BF4B-00C04F79EFBC}") = "Cargobell.Shared", "Cargobell.Shared\Cargobell.Shared.csproj", "{3C092EFC-43A8-426A-A80C-CE81163807A5}"
EndProject
Project("{FAE04EC0-301F-11D3-BF4B-00C04F79EFBC}") = "Cargobell.Tests", "Cargobell.Tests\Cargobell.Tests.csproj", "{EC07666F-BC19-48B9-9726-10CF7F42A7A9}"
EndProject
Global
	GlobalSection(SolutionConfigurationPlatforms) = preSolution
		Debug|Any CPU = Debug|Any CPU
		Release|Any CPU = Release|Any CPU
	EndGlobalSection
	GlobalSection(ProjectConfigurationPlatforms) = postSolution
		{18F3482C-B159-4ABE-B08B-4F93C66AF772}.Debug|Any CPU.ActiveCfg = Debug|Any CPU
		{18F3482C-B159-4ABE-B08B-4F93C66AF772}.Debug|Any CPU.Build.0 = Debug|Any CPU
		{18F3482C-B159-4ABE-B08B-4F93C66AF772}.Release|Any CPU.ActiveCfg = Release|Any CPU
		{18F3482C-B159-4ABE-B08B-4F93C66AF772}.Release|Any CPU.Build.0 = Release|Any CPU
		{3FA6A6D1-1248-498E-98EE-93022C774160}.Debug|Any CPU.ActiveCfg = Debug|Any CPU
		{3FA6A6D1-1248-498E-98EE-93022C774160}.Debug|Any CPU.Build.0 = Debug|Any CPU
		{3FA6A6D1-1248-498E-98EE-93022C774160}.Release|Any CPU.ActiveCfg = Release|Any CPU
		{3FA6A6D1-1248-498E-98EE-93022C774160}.Release|Any CPU.Build.0 = Release|Any CPU
		{CA7A4ECF-BA85-4D19-8440-EE4B5CBAC8E7}.Debug|Any CPU.ActiveCfg = Debug|Any CPU
		{CA7A4ECF-BA85-4D19-8440-EE4B5CBAC8E7}.Debug|Any CPU.Build.0 = Debug|Any CPU
		{CA7A4ECF-BA85-4D19-8440-EE4B5CBAC8E7}.Release|Any CPU.ActiveCfg = Release|Any CPU
		{CA7A4ECF-BA85-4D19-8440-EE4B5CBAC8E7}.Release|Any CPU.Build.0 = Release|Any CPU
		{3C092EFC-43A8-426A-A80C-CE81163807A5}.Debug|Any CPU.ActiveCfg = Debug|Any CPU
		{3C092EFC-43A8-426A-A80C-CE81163807A5}.Debug|Any CPU.Build.0 = Debug|Any CPU
		{3C092EFC-43A8-426A-A80C-CE81163807A5}.Release|Any CPU.ActiveCfg = Release|Any CPU
		{3C092EFC-43A8-426A-A80C-CE81163807A5}.Release|Any CPU.Build.0 = Release|Any CPU
		{EC07666F-BC19-48B9-9726-10CF7F42A7A9}.Debug|Any CPU.ActiveCfg = Debug|Any CPU
		{EC07666F-BC19-48B9-9726-10CF7F42A7A9}.Debug|Any CPU.Build.0 = Debug|Any CPU
		{EC07666F-BC19-48B9-9726-10CF7F42A7A9}.Release|Any CPU.ActiveCfg = Release|Any CPU
		{EC07666F-BC19-48B9-9726-10CF7F42A7A9}.Release|Any CPU.Build.0 = Release|Any CPU
	EndGlobalSection
	GlobalSection(SolutionProperties) = preSolution
		HideSolutionNode = FALSE
	EndGlobalSection
	GlobalSection(ExtensibilityGlobals) = postSolution
		SolutionGuid = {5992D859-60CF-429E-9F49-468C345FC161}
	EndGlobalSection
EndGlobal
